// !$*UTF8*$!
{
	archiveVersion = 1;
	classes = {
	};
	objectVersion = 50;
	objects = {

/* Begin PBXBuildFile section */
		4CD8CD69E243F1AA8A13638C /* Pods_pokemon.framework in Frameworks */ = {isa = PBXBuildFile; fileRef = C37B538027E75E0CF95784BE /* Pods_pokemon.framework */; };
		DD4851552199D0C000441971 /* AppDelegate.swift in Sources */ = {isa = PBXBuildFile; fileRef = DD4851542199D0C000441971 /* AppDelegate.swift */; };
		DD4851572199D0C000441971 /* ViewController.swift in Sources */ = {isa = PBXBuildFile; fileRef = DD4851562199D0C000441971 /* ViewController.swift */; };
		DD48515A2199D0C000441971 /* Main.storyboard in Resources */ = {isa = PBXBuildFile; fileRef = DD4851582199D0C000441971 /* Main.storyboard */; };
		DD48515C2199D0C100441971 /* Assets.xcassets in Resources */ = {isa = PBXBuildFile; fileRef = DD48515B2199D0C100441971 /* Assets.xcassets */; };
		DD48515F2199D0C100441971 /* LaunchScreen.storyboard in Resources */ = {isa = PBXBuildFile; fileRef = DD48515D2199D0C100441971 /* LaunchScreen.storyboard */; };
/* End PBXBuildFile section */

/* Begin PBXFileReference section */
		250377BDCE6E01E11A86E6CC /* Pods-pokemon.release.xcconfig */ = {isa = PBXFileReference; includeInIndex = 1; lastKnownFileType = text.xcconfig; name = "Pods-pokemon.release.xcconfig"; path = "Pods/Target Support Files/Pods-pokemon/Pods-pokemon.release.xcconfig"; sourceTree = "<group>"; };
		490E9CD70ECDE0E3A1FCFCC8 /* Pods-pokemon.debug.xcconfig */ = {isa = PBXFileReference; includeInIndex = 1; lastKnownFileType = text.xcconfig; name = "Pods-pokemon.debug.xcconfig"; path = "Pods/Target Support Files/Pods-pokemon/Pods-pokemon.debug.xcconfig"; sourceTree = "<group>"; };
		C37B538027E75E0CF95784BE /* Pods_pokemon.framework */ = {isa = PBXFileReference; explicitFileType = wrapper.framework; includeInIndex = 0; path = Pods_pokemon.framework; sourceTree = BUILT_PRODUCTS_DIR; };
		DD4851512199D0C000441971 /* pokemon.app */ = {isa = PBXFileReference; explicitFileType = wrapper.application; includeInIndex = 0; path = pokemon.app; sourceTree = BUILT_PRODUCTS_DIR; };
		DD4851542199D0C000441971 /* AppDelegate.swift */ = {isa = PBXFileReference; lastKnownFileType = sourcecode.swift; path = AppDelegate.swift; sourceTree = "<group>"; };
		DD4851562199D0C000441971 /* ViewController.swift */ = {isa = PBXFileReference; lastKnownFileType = sourcecode.swift; path = ViewController.swift; sourceTree = "<group>"; };
		DD4851592199D0C000441971 /* Base */ = {isa = PBXFileReference; lastKnownFileType = file.storyboard; name = Base; path = Base.lproj/Main.storyboard; sourceTree = "<group>"; };
		DD48515B2199D0C100441971 /* Assets.xcassets */ = {isa = PBXFileReference; lastKnownFileType = folder.assetcatalog; path = Assets.xcassets; sourceTree = "<group>"; };
		DD48515E2199D0C100441971 /* Base */ = {isa = PBXFileReference; lastKnownFileType = file.storyboard; name = Base; path = Base.lproj/LaunchScreen.storyboard; sourceTree = "<group>"; };
		DD4851602199D0C100441971 /* Info.plist */ = {isa = PBXFileReference; lastKnownFileType = text.plist.xml; path = Info.plist; sourceTree = "<group>"; };
/* End PBXFileReference section */

/* Begin PBXFrameworksBuildPhase section */
		DD48514E2199D0C000441971 /* Frameworks */ = {
			isa = PBXFrameworksBuildPhase;
			buildActionMask = 2147483647;
			files = (
				4CD8CD69E243F1AA8A13638C /* Pods_pokemon.framework in Frameworks */,
			);
			runOnlyForDeploymentPostprocessing = 0;
		};
/* End PBXFrameworksBuildPhase section */

/* Begin PBXGroup section */
		378E1B379D62A14007E1002D /* Frameworks */ = {
			isa = PBXGroup;
			children = (
				C37B538027E75E0CF95784BE /* Pods_pokemon.framework */,
			);
			name = Frameworks;
			sourceTree = "<group>";
		};
		6905CA2BD623C2A5E11B7B91 /* Pods */ = {
			isa = PBXGroup;
			children = (
				490E9CD70ECDE0E3A1FCFCC8 /* Pods-pokemon.debug.xcconfig */,
				250377BDCE6E01E11A86E6CC /* Pods-pokemon.release.xcconfig */,
			);
			name = Pods;
			sourceTree = "<group>";
		};
		DD4851482199D0C000441971 = {
			isa = PBXGroup;
			children = (
				DD4851532199D0C000441971 /* pokemon */,
				DD4851522199D0C000441971 /* Products */,
				6905CA2BD623C2A5E11B7B91 /* Pods */,
				378E1B379D62A14007E1002D /* Frameworks */,
			);
			sourceTree = "<group>";
		};
		DD4851522199D0C000441971 /* Products */ = {
			isa = PBXGroup;
			children = (
				DD4851512199D0C000441971 /* pokemon.app */,
			);
			name = Products;
			sourceTree = "<group>";
		};
		DD4851532199D0C000441971 /* pokemon */ = {
			isa = PBXGroup;
			children = (
				DD4851542199D0C000441971 /* AppDelegate.swift */,
				DD4851562199D0C000441971 /* ViewController.swift */,
				DD4851582199D0C000441971 /* Main.storyboard */,
				DD48515B2199D0C100441971 /* Assets.xcassets */,
				DD48515D2199D0C100441971 /* LaunchScreen.storyboard */,
				DD4851602199D0C100441971 /* Info.plist */,
			);
			path = pokemon;
			sourceTree = "<group>";
		};
/* End PBXGroup section */

/* Begin PBXNativeTarget section */
		DD4851502199D0C000441971 /* pokemon */ = {
			isa = PBXNativeTarget;
			buildConfigurationList = DD4851632199D0C100441971 /* Build configuration list for PBXNativeTarget "pokemon" */;
			buildPhases = (
				0784FC15E65893C6FC2A9546 /* [CP] Check Pods Manifest.lock */,
				DD48514D2199D0C000441971 /* Sources */,
				DD48514E2199D0C000441971 /* Frameworks */,
				DD48514F2199D0C000441971 /* Resources */,
			);
			buildRules = (
			);
			dependencies = (
			);
			name = pokemon;
			productName = pokemon;
			productReference = DD4851512199D0C000441971 /* pokemon.app */;
			productType = "com.apple.product-type.application";
		};
/* End PBXNativeTarget section */

/* Begin PBXProject section */
		DD4851492199D0C000441971 /* Project object */ = {
			isa = PBXProject;
			attributes = {
				LastSwiftUpdateCheck = 1010;
				LastUpgradeCheck = 1010;
				ORGANIZATIONNAME = "Christian Lamb";
				TargetAttributes = {
					DD4851502199D0C000441971 = {
						CreatedOnToolsVersion = 10.1;
					};
				};
			};
			buildConfigurationList = DD48514C2199D0C000441971 /* Build configuration list for PBXProject "pokemon" */;
			compatibilityVersion = "Xcode 9.3";
			developmentRegion = en;
			hasScannedForEncodings = 0;
			knownRegions = (
				en,
				Base,
			);
			mainGroup = DD4851482199D0C000441971;
			productRefGroup = DD4851522199D0C000441971 /* Products */;
			projectDirPath = "";
			projectRoot = "";
			targets = (
				DD4851502199D0C000441971 /* pokemon */,
			);
		};
/* End PBXProject section */

/* Begin PBXResourcesBuildPhase section */
		DD48514F2199D0C000441971 /* Resources */ = {
			isa = PBXResourcesBuildPhase;
			buildActionMask = 2147483647;
			files = (
				DD48515F2199D0C100441971 /* LaunchScreen.storyboard in Resources */,
				DD48515C2199D0C100441971 /* Assets.xcassets in Resources */,
				DD48515A2199D0C000441971 /* Main.storyboard in Resources */,
			);
			runOnlyForDeploymentPostprocessing = 0;
		};
/* End PBXResourcesBuildPhase section */

/* Begin PBXShellScriptBuildPhase section */
		0784FC15E65893C6FC2A9546 /* [CP] Check Pods Manifest.lock */ = {
			isa = PBXShellScriptBuildPhase;
			buildActionMask = 2147483647;
			files = (
			);
			inputPaths = (
				"${PODS_PODFILE_DIR_PATH}/Podfile.lock",
				"${PODS_ROOT}/Manifest.lock",
			);
			name = "[CP] Check Pods Manifest.lock";
			outputPaths = (
				"$(DERIVED_FILE_DIR)/Pods-pokemon-checkManifestLockResult.txt",
			);
			runOnlyForDeploymentPostprocessing = 0;
			shellPath = /bin/sh;
			shellScript = "diff \"${PODS_PODFILE_DIR_PATH}/Podfile.lock\" \"${PODS_ROOT}/Manifest.lock\" > /dev/null\nif [ $? != 0 ] ; then\n    # print error to STDERR\n    echo \"error: The sandbox is not in sync with the Podfile.lock. Run 'pod install' or update your CocoaPods installation.\" >&2\n    exit 1\nfi\n# This output is used by Xcode 'outputs' to avoid re-running this script phase.\necho \"SUCCESS\" > \"${SCRIPT_OUTPUT_FILE_0}\"\n";
			showEnvVarsInLog = 0;
		};
/* End PBXShellScriptBuildPhase section */

/* Begin PBXSourcesBuildPhase section */
		DD48514D2199D0C000441971 /* Sources */ = {
			isa = PBXSourcesBuildPhase;
			buildActionMask = 2147483647;
			files = (
				DD4851572199D0C000441971 /* ViewController.swift in Sources */,
				DD4851552199D0C000441971 /* AppDelegate.swift in Sources */,
			);
			runOnlyForDeploymentPostprocessing = 0;
		};
/* End PBXSourcesBuildPhase section */

/* Begin PBXVariantGroup section */
		DD4851582199D0C000441971 /* Main.storyboard */ = {
			isa = PBXVariantGroup;
			children = (
				DD4851592199D0C000441971 /* Base */,
			);
			name = Main.storyboard;
			sourceTree = "<group>";
		};
		DD48515D2199D0C100441971 /* LaunchScreen.storyboard */ = {
			isa = PBXVariantGroup;
			children = (
				DD48515E2199D0C100441971 /* Base */,
			);
			name = LaunchScreen.storyboard;
			sourceTree = "<group>";
		};
/* End PBXVariantGroup section */

/* Begin XCBuildConfiguration section */
		DD4851612199D0C100441971 /* Debug */ = {
			isa = XCBuildConfiguration;
			buildSettings = {
				ALWAYS_SEARCH_USER_PATHS = NO;
				CLANG_ANALYZER_NONNULL = YES;
				CLANG_ANALYZER_NUMBER_OBJECT_CONVERSION = YES_AGGRESSIVE;
				CLANG_CXX_LANGUAGE_STANDARD = "gnu++14";
				CLANG_CXX_LIBRARY = "libc++";
				CLANG_ENABLE_MODULES = YES;
				CLANG_ENABLE_OBJC_ARC = YES;
				CLANG_ENABLE_OBJC_WEAK = YES;
				CLANG_WARN_BLOCK_CAPTURE_AUTORELEASING = YES;
				CLANG_WARN_BOOL_CONVERSION = YES;
				CLANG_WARN_COMMA = YES;
				CLANG_WARN_CONSTANT_CONVERSION = YES;
				CLANG_WARN_DEPRECATED_OBJC_IMPLEMENTATIONS = YES;
				CLANG_WARN_DIRECT_OBJC_ISA_USAGE = YES_ERROR;
				CLANG_WARN_DOCUMENTATION_COMMENTS = YES;
				CLANG_WARN_EMPTY_BODY = YES;
				CLANG_WARN_ENUM_CONVERSION = YES;
				CLANG_WARN_INFINITE_RECURSION = YES;
				CLANG_WARN_INT_CONVERSION = YES;
				CLANG_WARN_NON_LITERAL_NULL_CONVERSION = YES;
				CLANG_WARN_OBJC_IMPLICIT_RETAIN_SELF = YES;
				CLANG_WARN_OBJC_LITERAL_CONVERSION = YES;
				CLANG_WARN_OBJC_ROOT_CLASS = YES_ERROR;
				CLANG_WARN_RANGE_LOOP_ANALYSIS = YES;
				CLANG_WARN_STRICT_PROTOTYPES = YES;
				CLANG_WARN_SUSPICIOUS_MOVE = YES;
				CLANG_WARN_UNGUARDED_AVAILABILITY = YES_AGGRESSIVE;
				CLANG_WARN_UNREACHABLE_CODE = YES;
				CLANG_WARN__DUPLICATE_METHOD_MATCH = YES;
				CODE_SIGN_IDENTITY = "iPhone Developer";
				COPY_PHASE_STRIP = NO;
				DEBUG_INFORMATION_FORMAT = dwarf;
				ENABLE_STRICT_OBJC_MSGSEND = YES;
				ENABLE_TESTABILITY = YES;
				GCC_C_LANGUAGE_STANDARD = gnu11;
				GCC_DYNAMIC_NO_PIC = NO;
				GCC_NO_COMMON_BLOCKS = YES;
				GCC_OPTIMIZATION_LEVEL = 0;
				GCC_PREPROCESSOR_DEFINITIONS = (
					"DEBUG=1",
					"$(inherited)",
				);
				GCC_WARN_64_TO_32_BIT_CONVERSION = YES;
				GCC_WARN_ABOUT_RETURN_TYPE = YES_ERROR;
				GCC_WARN_UNDECLARED_SELECTOR = YES;
				GCC_WARN_UNINITIALIZED_AUTOS = YES_AGGRESSIVE;
				GCC_WARN_UNUSED_FUNCTION = YES;
				GCC_WARN_UNUSED_VARIABLE = YES;
				IPHONEOS_DEPLOYMENT_TARGET = 12.1;
				MTL_ENABLE_DEBUG_INFO = INCLUDE_SOURCE;
				MTL_FAST_MATH = YES;
				ONLY_ACTIVE_ARCH = YES;
				SDKROOT = iphoneos;
				SWIFT_ACTIVE_COMPILATION_CONDITIONS = DEBUG;
				SWIFT_OPTIMIZATION_LEVEL = "-Onone";
			};
			name = Debug;
		};
		DD4851622199D0C100441971 /* Release */ = {
			isa = XCBuildConfiguration;
			buildSettings = {
				ALWAYS_SEARCH_USER_PATHS = NO;
				CLANG_ANALYZER_NONNULL = YES;
				CLANG_ANALYZER_NUMBER_OBJECT_CONVERSION = YES_AGGRESSIVE;
				CLANG_CXX_LANGUAGE_STANDARD = "gnu++14";
				CLANG_CXX_LIBRARY = "libc++";
				CLANG_ENABLE_MODULES = YES;
				CLANG_ENABLE_OBJC_ARC = YES;
				CLANG_ENABLE_OBJC_WEAK = YES;
				CLANG_WARN_BLOCK_CAPTURE_AUTORELEASING = YES;
				CLANG_WARN_BOOL_CONVERSION = YES;
				CLANG_WARN_COMMA = YES;
				CLANG_WARN_CONSTANT_CONVERSION = YES;
				CLANG_WARN_DEPRECATED_OBJC_IMPLEMENTATIONS = YES;
				CLANG_WARN_DIRECT_OBJC_ISA_USAGE = YES_ERROR;
				CLANG_WARN_DOCUMENTATION_COMMENTS = YES;
				CLANG_WARN_EMPTY_BODY = YES;
				CLANG_WARN_ENUM_CONVERSION = YES;
				CLANG_WARN_INFINITE_RECURSION = YES;
				CLANG_WARN_INT_CONVERSION = YES;
				CLANG_WARN_NON_LITERAL_NULL_CONVERSION = YES;
				CLANG_WARN_OBJC_IMPLICIT_RETAIN_SELF = YES;
				CLANG_WARN_OBJC_LITERAL_CONVERSION = YES;
				CLANG_WARN_OBJC_ROOT_CLASS = YES_ERROR;
				CLANG_WARN_RANGE_LOOP_ANALYSIS = YES;
				CLANG_WARN_STRICT_PROTOTYPES = YES;
				CLANG_WARN_SUSPICIOUS_MOVE = YES;
				CLANG_WARN_UNGUARDED_AVAILABILITY = YES_AGGRESSIVE;
				CLANG_WARN_UNREACHABLE_CODE = YES;
				CLANG_WARN__DUPLICATE_METHOD_MATCH = YES;
				CODE_SIGN_IDENTITY = "iPhone Developer";
				COPY_PHASE_STRIP = NO;
				DEBUG_INFORMATION_FORMAT = "dwarf-with-dsym";
				ENABLE_NS_ASSERTIONS = NO;
				ENABLE_STRICT_OBJC_MSGSEND = YES;
				GCC_C_LANGUAGE_STANDARD = gnu11;
				GCC_NO_COMMON_BLOCKS = YES;
				GCC_WARN_64_TO_32_BIT_CONVERSION = YES;
				GCC_WARN_ABOUT_RETURN_TYPE = YES_ERROR;
				GCC_WARN_UNDECLARED_SELECTOR = YES;
				GCC_WARN_UNINITIALIZED_AUTOS = YES_AGGRESSIVE;
				GCC_WARN_UNUSED_FUNCTION = YES;
				GCC_WARN_UNUSED_VARIABLE = YES;
				IPHONEOS_DEPLOYMENT_TARGET = 12.1;
				MTL_ENABLE_DEBUG_INFO = NO;
				MTL_FAST_MATH = YES;
				SDKROOT = iphoneos;
				SWIFT_COMPILATION_MODE = wholemodule;
				SWIFT_OPTIMIZATION_LEVEL = "-O";
				VALIDATE_PRODUCT = YES;
			};
			name = Release;
		};
		DD4851642199D0C100441971 /* Debug */ = {
			isa = XCBuildConfiguration;
			baseConfigurationReference = 490E9CD70ECDE0E3A1FCFCC8 /* Pods-pokemon.debug.xcconfig */;
			buildSettings = {
				ASSETCATALOG_COMPILER_APPICON_NAME = AppIcon;
				CODE_SIGN_STYLE = Automatic;
				INFOPLIST_FILE = pokemon/Info.plist;
				LD_RUNPATH_SEARCH_PATHS = (
					"$(inherited)",
					"@executable_path/Frameworks",
				);
				PRODUCT_BUNDLE_IDENTIFIER = "com.christian-lamb.pokemon";
				PRODUCT_NAME = "$(TARGET_NAME)";
				SWIFT_VERSION = 4.2;
				TARGETED_DEVICE_FAMILY = "1,2";
			};
			name = Debug;
		};
		DD4851652199D0C100441971 /* Release */ = {
			isa = XCBuildConfiguration;
			baseConfigurationReference = 250377BDCE6E01E11A86E6CC /* Pods-pokemon.release.xcconfig */;
			buildSettings = {
				ASSETCATALOG_COMPILER_APPICON_NAME = AppIcon;
				CODE_SIGN_STYLE = Automatic;
				INFOPLIST_FILE = pokemon/Info.plist;
				LD_RUNPATH_SEARCH_PATHS = (
					"$(inherited)",
					"@executable_path/Frameworks",
				);
				PRODUCT_BUNDLE_IDENTIFIER = "com.christian-lamb.pokemon";
				PRODUCT_NAME = "$(TARGET_NAME)";
				SWIFT_VERSION = 4.2;
				TARGETED_DEVICE_FAMILY = "1,2";
			};
			name = Release;
		};
/* End XCBuildConfiguration section */

/* Begin XCConfigurationList section */
		DD48514C2199D0C000441971 /* Build configuration list for PBXProject "pokemon" */ = {
			isa = XCConfigurationList;
			buildConfigurations = (
				DD4851612199D0C100441971 /* Debug */,
				DD4851622199D0C100441971 /* Release */,
			);
			defaultConfigurationIsVisible = 0;
			defaultConfigurationName = Release;
		};
		DD4851632199D0C100441971 /* Build configuration list for PBXNativeTarget "pokemon" */ = {
			isa = XCConfigurationList;
			buildConfigurations = (
				DD4851642199D0C100441971 /* Debug */,
				DD4851652199D0C100441971 /* Release */,
			);
			defaultConfigurationIsVisible = 0;
			defaultConfigurationName = Release;
		};
/* End XCConfigurationList section */
	};
	rootObject = DD4851492199D0C000441971 /* Project object */;
}
